{
  "name": "react-native-gl-image-cropper",
  "version": "1.0.0",
  "lockfileVersion": 1,
  "requires": true,
  "dependencies": {
    "rect-clamp": {
      "version": "0.0.0",
      "resolved": "https://registry.npmjs.org/rect-clamp/-/rect-clamp-0.0.0.tgz",
      "integrity": "sha1-ZS+RxaW/6sElxSua3oLr4FUHZBs="
    },
    "rect-crop": {
      "version": "0.0.0",
      "resolved": "https://registry.npmjs.org/rect-crop/-/rect-crop-0.0.0.tgz",
      "integrity": "sha1-9up1hjAhF3VmiH1Mpg5GboocOJg="
    }
  }
}
